Microsoft Visual Studio Solution File, Format Version 12.00
# Visual Studio 15
VisualStudioVersion = 15.0.26430.15
MinimumVisualStudioVersion = 10.0.40219.1
Project("{FAE04EC0-301F-11D3-BF4B-00C04F79EFBC}") = "Naxam.Clarifai.Droid", "Naxam.Clarifai.Droid\Naxam.Clarifai.Droid.csproj", "{A3ABD5FC-E4F9-466D-BF28-7E4178D418D6}"
EndProject
Project("{2150E333-8FDC-42A3-9474-1A3956D46DE8}") = "demo", "demo", "{5C10A6BD-05FA-49EB-8E1B-7A75B165F046}"
EndProject
Project("{FAE04EC0-301F-11D3-BF4B-00C04F79EFBC}") = "ClarifaiQs", "demo\ClarifaiQs\ClarifaiQs.csproj", "{5CF34D77-5314-45E2-AD75-E1D047B695EB}"
EndProject
Global
	GlobalSection(SolutionConfigurationPlatforms) = preSolution
		Debug|Any CPU = Debug|Any CPU
		Release|Any CPU = Release|Any CPU
	EndGlobalSection
	GlobalSection(ProjectConfigurationPlatforms) = postSolution
		{A3ABD5FC-E4F9-466D-BF28-7E4178D418D6}.Debug|Any CPU.ActiveCfg = Debug|Any CPU
		{A3ABD5FC-E4F9-466D-BF28-7E4178D418D6}.Debug|Any CPU.Build.0 = Debug|Any CPU
		{A3ABD5FC-E4F9-466D-BF28-7E4178D418D6}.Release|Any CPU.ActiveCfg = Release|Any CPU
		{A3ABD5FC-E4F9-466D-BF28-7E4178D418D6}.Release|Any CPU.Build.0 = Release|Any CPU
		{5CF34D77-5314-45E2-AD75-E1D047B695EB}.Debug|Any CPU.ActiveCfg = Debug|Any CPU
		{5CF34D77-5314-45E2-AD75-E1D047B695EB}.Debug|Any CPU.Build.0 = Debug|Any CPU
		{5CF34D77-5314-45E2-AD75-E1D047B695EB}.Debug|Any CPU.Deploy.0 = Debug|Any CPU
		{5CF34D77-5314-45E2-AD75-E1D047B695EB}.Release|Any CPU.ActiveCfg = Release|Any CPU
		{5CF34D77-5314-45E2-AD75-E1D047B695EB}.Release|Any CPU.Build.0 = Release|Any CPU
	EndGlobalSection
	GlobalSection(SolutionProperties) = preSolution
		HideSolutionNode = FALSE
	EndGlobalSection
	GlobalSection(NestedProjects) = preSolution
		{5CF34D77-5314-45E2-AD75-E1D047B695EB} = {5C10A6BD-05FA-49EB-8E1B-7A75B165F046}
	EndGlobalSection
EndGlobal
